
Microsoft Visual Studio Solution File, Format Version 12.00
Project("{FAE04EC0-301F-11D3-BF4B-00C04F79EFBC}") = "CleanerRobot", "CleanerRobot\CleanerRobot.csproj", "{B11FE601-4E93-456D-8E8F-4C552E7CCB96}"
EndProject
Project("{FAE04EC0-301F-11D3-BF4B-00C04F79EFBC}") = "Tests", "Tests\Tests.csproj", "{A3CBA595-FC19-4E6D-BC81-1095E02945E7}"
EndProject
Project("{2150E333-8FDC-42A3-9474-1A3956D46DE8}") = "solutionFiles", "solutionFiles", "{BFD75290-F4B5-4B3F-868D-59E2387416D8}"
	ProjectSection(SolutionItems) = preProject
		docker-compose.yml = docker-compose.yml
		Dockerfile = Dockerfile
		.env = .env
		.dockerignore = .dockerignore
		init-db.sql = init-db.sql
		README.md = README.md
	EndProjectSection
EndProject
Global
	GlobalSection(SolutionConfigurationPlatforms) = preSolution
		Debug|Any CPU = Debug|Any CPU
		Release|Any CPU = Release|Any CPU
	EndGlobalSection
	GlobalSection(ProjectConfigurationPlatforms) = postSolution
		{B11FE601-4E93-456D-8E8F-4C552E7CCB96}.Debug|Any CPU.ActiveCfg = Debug|Any CPU
		{B11FE601-4E93-456D-8E8F-4C552E7CCB96}.Debug|Any CPU.Build.0 = Debug|Any CPU
		{B11FE601-4E93-456D-8E8F-4C552E7CCB96}.Release|Any CPU.ActiveCfg = Release|Any CPU
		{B11FE601-4E93-456D-8E8F-4C552E7CCB96}.Release|Any CPU.Build.0 = Release|Any CPU
		{A3CBA595-FC19-4E6D-BC81-1095E02945E7}.Debug|Any CPU.ActiveCfg = Debug|Any CPU
		{A3CBA595-FC19-4E6D-BC81-1095E02945E7}.Debug|Any CPU.Build.0 = Debug|Any CPU
		{A3CBA595-FC19-4E6D-BC81-1095E02945E7}.Release|Any CPU.ActiveCfg = Release|Any CPU
		{A3CBA595-FC19-4E6D-BC81-1095E02945E7}.Release|Any CPU.Build.0 = Release|Any CPU
	EndGlobalSection
EndGlobal
